package ColorPath

import java.awt.Color

import geo.controller.component.utils.css.oop.impl.{IComponentColorScheme, IComponentGeometryScheme}
import geo.controller.core.utils.ColorUtils
import geo.view.uzga.widgets.css_design.AltiusColor

/**
	* @author Юрин Роман 19.03.21
	**/
trait IUzgaComponentColorScheme extends IComponentColorScheme{
	/** Основной цвет, от него образуются другие оттенки **/
	//TODO это цвет текста, для основного фона надо задать другой
	// override lazy val base: Color = ColorUtils.fromHex(0x2a3c46)


	override lazy val base: Color = AltiusColor.linkMenuBackColor

	/** Цвет верхнего меню **/
	lazy val darkBackground: Color = ColorUtils.fromHex(0x21292c)
	/** Цвет фона активного элемента**/
	lazy val activeBackground = ColorUtils.fromHex(0x13c860)
	/** Цвет фона неактивного элемента **/
	lazy val inactiveBackground = ColorUtils.fromHex(0x808080)

	lazy val alarmColor = ColorUtils.fromHex(0x800000)

	/** ------------  Проявились при тестах ----------------------------- **/
	/** Обычный цвет шапки страницы **/
	override lazy val header: Color = AltiusColor.backBaseColor // фон верхнего меню
	/** Наведенный цвет шапки страницы **/
	override lazy val headerHighlighted: Color = AltiusColor.backBaseColor // фон hover меню шапки страницы
	/** Цвет текста **/
	override lazy val text: Color = AltiusColor.lincHoverMenuTextColor // текст выделенного пункта меню(ссылка a panelTab)
	/** Подсвеченный базовый цвет **/
	override lazy val hover: Color = AltiusColor.backBaseColor  // фон hover кнопок( меню кнопочное)
	/** Цвет отключенный подписей **/
	override lazy val disabledLabel: Color = AltiusColor.textBaseColor  //
	/** Граница блока **/
	override lazy val blockBorder: Color = AltiusColor.graytrans // бордюр меню panelTab
	/** Цвет подписей на форме **/
	override lazy val label: Color = AltiusColor.white // текст пункта меню(ссылка a panelTab)
	/** Фон или цвет недоступных элементов **/
	override lazy val disabled: Color = AltiusColor.gray  // неактивная ссылка меню panelTab
	/** Цвет контуров вокруг элементов управления **/
	override lazy val controlBorders: Color = AltiusColor.graytrans // полоса снизу меню panelTab
	/** Цвет фона "заголовочных" блоков (вкладки табуляции, заголовок попапа) **/
	override lazy val headerBlockBackground: Color = AltiusColor.linkMenuBackColor //
	/** Основной цвет форм (не форме расположен текст и компоненты ввода) и панелей **/
	override lazy val formBackground: Color = AltiusColor.backBaseColor // фон активной ссылки a panelTab
	/** Цвет ссылки **/
	override lazy val linkTextColor: Color = AltiusColor.greenLite // текст наведённой(hover) ссылки меню(a tab)
	/** Цвет наведенной вкладки **/  // прозрачный(отключаем)
	override lazy val tabHover: Color = AltiusColor.graytrans // Подчёркивание наведённой(hover) ссылки a Panel Tabbed
	/** Цвет выбранной вкладки **/ // прозрачный(отключаем)
	override lazy val tabSelected: Color = AltiusColor.backBaseColor // подчёркивание выбранной ссылкки a Panel Tabbed


	/** -------------   не проявились при тестах ------------------------- **/
	override lazy val accepted: Color = AltiusColor.accepted
	override lazy val rejected: Color = AltiusColor.rejected
	/** Цвет компонента, данные которого будут сохранены **/
	override lazy val toSave: Color = AltiusColor.toSave
	override lazy val acceptedWithRemarks: Color = AltiusColor.acceptedWithRemarks
	override lazy val anotherIncomingControlRequired: Color = AltiusColor.anotherIncomingControlRequired
	/** Дополнительный цвет границы блока **/
	override lazy val additionalBlockBorder: Color = AltiusColor.additionalBlockBorder
	/** Граница таблицы **/
	override lazy val tableBorder: Color = AltiusColor.tableBorder
	/** Во время нажатия **/
	override lazy val active: Color = AltiusColor.active
	/** Фон или цвет основной недоступной кнопки **/
	override lazy val disabledButton: Color = AltiusColor.disabledButton
	/** Основной цвет фона, на нем расположены блоки формы и панели **/
	override lazy val bodyBackground: Color = AltiusColor.bodyBackground
	/** Дополнительный цвет фона, на нем расположены белые плитки **/
	override lazy val additionalBodyBackground: Color = AltiusColor.additionalBodyBackground
	/** Дополнительный цвет форм (цвет тулбара, заголовок таблиц, заголовок аккордеона) **/
	override lazy val additionalFormBackground: Color = AltiusColor.additionalFormBackground
	/** Основной цвет фона меню **/
	override lazy val menuBackground: Color = AltiusColor.additionalFormBackground
	/** Наведенный цвет меню **/
	override lazy val menuHighlighted: Color = AltiusColor.menuHighlighted
	/** Цвет выделенного меню **/
	override lazy val menuSelected: Color = AltiusColor.menuSelected
	/** Цвет текста в panelBox .MetroPanelBoxHeaderFont:alias **/
	override lazy val panelBoxHeaderForeground: Color = AltiusColor.gray
	/** Активный цвет шапки страницы **/
	override lazy val headerSelected: Color = AltiusColor.gray
	/** Цвет сообщения типа информация **/
	override lazy val info: Color = AltiusColor.red   //textBaseColor

	/** ------------------------------------------------------------------ **/

	/** Последовательный тест цветов **/
	/** Цвет иконок на белом фоне **/
	override lazy val iconOnWhite: Color = AltiusColor.red
	/** Цвет иконок на основном фоне **/
	override lazy val iconOnBase: Color = AltiusColor.orange
	/** Цвет иконок на белом фоне **/
	override lazy val additionalIconOnWhite: Color = AltiusColor.yellow
	override lazy val infoText: Color = AltiusColor.green
	/** Подпись текста на карте **/
	//	override lazy val geoZoneTitle: Color = AltiusColor.bluelite
	/** Фон текста на карте **/
	//	override lazy val geoZoneTitleBG: Color = AltiusColor.red

	//основной текст
	lazy val baseText = Color.WHITE
	//цвет фона
	lazy val baseBackground = ColorUtils.fromHex(0x29363c)
	//цвет фона панелей
	lazy val basePanelBackground = ColorUtils.fromHex(0x384952)
	//цвет фона активных кнопок
	lazy val buttonBackground = ColorUtils.fromHex(0x647d89)
	//цвет текста выбранных кнопок, табов, заголовка некоторых индикаторов
	lazy val selected = ColorUtils.fromHex(0x00ebd6)
}

trait IUzgaComponentGeometryScheme extends IComponentGeometryScheme{
	//скругление кнопок
	lazy val buttonCornerRadius = 3.px
	//отступ названия кнопки от границы
	lazy val buttonTitlePadding = 5.px
}
